// !$*UTF8*$!
{
	archiveVersion = 1;
	classes = {
	};
	objectVersion = 77;
	objects = {

/* Begin PBXBuildFile section */
		FE232C4E2E75E86B004BBBB6 /* PhoneNumberKit in Frameworks */ = {isa = PBXBuildFile; productRef = FE232C4D2E75E86B004BBBB6 /* PhoneNumberKit */; };
		FE3209E42E6CE60B00A214CA /* MaterialUIKit in Frameworks */ = {isa = PBXBuildFile; productRef = FE3209E32E6CE60B00A214CA /* MaterialUIKit */; };
		FED090A52E71D2F800CC3CC5 /* Tabler in Frameworks */ = {isa = PBXBuildFile; productRef = FED090A42E71D2F800CC3CC5 /* Tabler */; };
/* End PBXBuildFile section */

/* Begin PBXContainerItemProxy section */
		FE3209BD2E6CE0B900A214CA /* PBXContainerItemProxy */ = {
			isa = PBXContainerItemProxy;
			containerPortal = FE3209A32E6CE0B800A214CA /* Project object */;
			proxyType = 1;
			remoteGlobalIDString = FE3209AA2E6CE0B800A214CA;
			remoteInfo = ReceiptSplit;
		};
		FE3209C72E6CE0B900A214CA /* PBXContainerItemProxy */ = {
			isa = PBXContainerItemProxy;
			containerPortal = FE3209A32E6CE0B800A214CA /* Project object */;
			proxyType = 1;
			remoteGlobalIDString = FE3209AA2E6CE0B800A214CA;
			remoteInfo = ReceiptSplit;
		};
/* End PBXContainerItemProxy section */

/* Begin PBXCopyFilesBuildPhase section */
		FE232C4B2E75E761004BBBB6 /* Embed Frameworks */ = {
			isa = PBXCopyFilesBuildPhase;
			buildActionMask = 2147483647;
			dstPath = "";
			dstSubfolderSpec = 10;
			files = (
			);
			name = "Embed Frameworks";
			runOnlyForDeploymentPostprocessing = 0;
		};
/* End PBXCopyFilesBuildPhase section */

/* Begin PBXFileReference section */
		FE3209AB2E6CE0B800A214CA /* ReceiptSplit.app */ = {isa = PBXFileReference; explicitFileType = wrapper.application; includeInIndex = 0; path = ReceiptSplit.app; sourceTree = BUILT_PRODUCTS_DIR; };
		FE3209BC2E6CE0B900A214CA /* ReceiptSplitTests.xctest */ = {isa = PBXFileReference; explicitFileType = wrapper.cfbundle; includeInIndex = 0; path = ReceiptSplitTests.xctest; sourceTree = BUILT_PRODUCTS_DIR; };
		FE3209C62E6CE0B900A214CA /* ReceiptSplitUITests.xctest */ = {isa = PBXFileReference; explicitFileType = wrapper.cfbundle; includeInIndex = 0; path = ReceiptSplitUITests.xctest; sourceTree = BUILT_PRODUCTS_DIR; };
/* End PBXFileReference section */

/* Begin PBXFileSystemSynchronizedBuildFileExceptionSet section */
		FE3209CE2E6CE0B900A214CA /* Exceptions for "ReceiptSplit" folder in "ReceiptSplit" target */ = {
			isa = PBXFileSystemSynchronizedBuildFileExceptionSet;
			membershipExceptions = (
				Info.plist,
			);
			target = FE3209AA2E6CE0B800A214CA /* ReceiptSplit */;
		};
/* End PBXFileSystemSynchronizedBuildFileExceptionSet section */

/* Begin PBXFileSystemSynchronizedRootGroup section */
		FE3209AD2E6CE0B800A214CA /* ReceiptSplit */ = {
			isa = PBXFileSystemSynchronizedRootGroup;
			exceptions = (
				FE3209CE2E6CE0B900A214CA /* Exceptions for "ReceiptSplit" folder in "ReceiptSplit" target */,
			);
			path = ReceiptSplit;
			sourceTree = "<group>";
		};
		FE3209BF2E6CE0B900A214CA /* ReceiptSplitTests */ = {
			isa = PBXFileSystemSynchronizedRootGroup;
			path = ReceiptSplitTests;
			sourceTree = "<group>";
		};
		FE3209C92E6CE0B900A214CA /* ReceiptSplitUITests */ = {
			isa = PBXFileSystemSynchronizedRootGroup;
			path = ReceiptSplitUITests;
			sourceTree = "<group>";
		};
/* End PBXFileSystemSynchronizedRootGroup section */

/* Begin PBXFrameworksBuildPhase section */
		FE3209A82E6CE0B800A214CA /* Frameworks */ = {
			isa = PBXFrameworksBuildPhase;
			buildActionMask = 2147483647;
			files = (
				FE232C4E2E75E86B004BBBB6 /* PhoneNumberKit in Frameworks */,
				FED090A52E71D2F800CC3CC5 /* Tabler in Frameworks */,
				FE3209E42E6CE60B00A214CA /* MaterialUIKit in Frameworks */,
			);
			runOnlyForDeploymentPostprocessing = 0;
		};
		FE3209B92E6CE0B900A214CA /* Frameworks */ = {
			isa = PBXFrameworksBuildPhase;
			buildActionMask = 2147483647;
			files = (
			);
			runOnlyForDeploymentPostprocessing = 0;
		};
		FE3209C32E6CE0B900A214CA /* Frameworks */ = {
			isa = PBXFrameworksBuildPhase;
			buildActionMask = 2147483647;
			files = (
			);
			runOnlyForDeploymentPostprocessing = 0;
		};
/* End PBXFrameworksBuildPhase section */

/* Begin PBXGroup section */
		FE3209A22E6CE0B800A214CA = {
			isa = PBXGroup;
			children = (
				FE3209AD2E6CE0B800A214CA /* ReceiptSplit */,
				FE3209BF2E6CE0B900A214CA /* ReceiptSplitTests */,
				FE3209C92E6CE0B900A214CA /* ReceiptSplitUITests */,
				FE3209AC2E6CE0B800A214CA /* Products */,
			);
			sourceTree = "<group>";
		};
		FE3209AC2E6CE0B800A214CA /* Products */ = {
			isa = PBXGroup;
			children = (
				FE3209AB2E6CE0B800A214CA /* ReceiptSplit.app */,
				FE3209BC2E6CE0B900A214CA /* ReceiptSplitTests.xctest */,
				FE3209C62E6CE0B900A214CA /* ReceiptSplitUITests.xctest */,
			);
			name = Products;
			sourceTree = "<group>";
		};
/* End PBXGroup section */

/* Begin PBXNativeTarget section */
		FE3209AA2E6CE0B800A214CA /* ReceiptSplit */ = {
			isa = PBXNativeTarget;
			buildConfigurationList = FE3209CF2E6CE0B900A214CA /* Build configuration list for PBXNativeTarget "ReceiptSplit" */;
			buildPhases = (
				FE3209A72E6CE0B800A214CA /* Sources */,
				FE3209A82E6CE0B800A214CA /* Frameworks */,
				FE3209A92E6CE0B800A214CA /* Resources */,
				FE232C4B2E75E761004BBBB6 /* Embed Frameworks */,
			);
			buildRules = (
			);
			dependencies = (
			);
			fileSystemSynchronizedGroups = (
				FE3209AD2E6CE0B800A214CA /* ReceiptSplit */,
			);
			name = ReceiptSplit;
			packageProductDependencies = (
				FE3209E32E6CE60B00A214CA /* MaterialUIKit */,
				FED090A42E71D2F800CC3CC5 /* Tabler */,
				FE232C4D2E75E86B004BBBB6 /* PhoneNumberKit */,
			);
			productName = ReceiptSplit;
			productReference = FE3209AB2E6CE0B800A214CA /* ReceiptSplit.app */;
			productType = "com.apple.product-type.application";
		};
		FE3209BB2E6CE0B900A214CA /* ReceiptSplitTests */ = {
			isa = PBXNativeTarget;
			buildConfigurationList = FE3209D42E6CE0B900A214CA /* Build configuration list for PBXNativeTarget "ReceiptSplitTests" */;
			buildPhases = (
				FE3209B82E6CE0B900A214CA /* Sources */,
				FE3209B92E6CE0B900A214CA /* Frameworks */,
				FE3209BA2E6CE0B900A214CA /* Resources */,
			);
			buildRules = (
			);
			dependencies = (
				FE3209BE2E6CE0B900A214CA /* PBXTargetDependency */,
			);
			fileSystemSynchronizedGroups = (
				FE3209BF2E6CE0B900A214CA /* ReceiptSplitTests */,
			);
			name = ReceiptSplitTests;
			packageProductDependencies = (
			);
			productName = ReceiptSplitTests;
			productReference = FE3209BC2E6CE0B900A214CA /* ReceiptSplitTests.xctest */;
			productType = "com.apple.product-type.bundle.unit-test";
		};
		FE3209C52E6CE0B900A214CA /* ReceiptSplitUITests */ = {
			isa = PBXNativeTarget;
			buildConfigurationList = FE3209D72E6CE0B900A214CA /* Build configuration list for PBXNativeTarget "ReceiptSplitUITests" */;
			buildPhases = (
				FE3209C22E6CE0B900A214CA /* Sources */,
				FE3209C32E6CE0B900A214CA /* Frameworks */,
				FE3209C42E6CE0B900A214CA /* Resources */,
			);
			buildRules = (
			);
			dependencies = (
				FE3209C82E6CE0B900A214CA /* PBXTargetDependency */,
			);
			fileSystemSynchronizedGroups = (
				FE3209C92E6CE0B900A214CA /* ReceiptSplitUITests */,
			);
			name = ReceiptSplitUITests;
			packageProductDependencies = (
			);
			productName = ReceiptSplitUITests;
			productReference = FE3209C62E6CE0B900A214CA /* ReceiptSplitUITests.xctest */;
			productType = "com.apple.product-type.bundle.ui-testing";
		};
/* End PBXNativeTarget section */

/* Begin PBXProject section */
		FE3209A32E6CE0B800A214CA /* Project object */ = {
			isa = PBXProject;
			attributes = {
				BuildIndependentTargetsInParallel = 1;
				LastSwiftUpdateCheck = 1640;
				LastUpgradeCheck = 1640;
				TargetAttributes = {
					FE3209AA2E6CE0B800A214CA = {
						CreatedOnToolsVersion = 16.4;
					};
					FE3209BB2E6CE0B900A214CA = {
						CreatedOnToolsVersion = 16.4;
						TestTargetID = FE3209AA2E6CE0B800A214CA;
					};
					FE3209C52E6CE0B900A214CA = {
						CreatedOnToolsVersion = 16.4;
						TestTargetID = FE3209AA2E6CE0B800A214CA;
					};
				};
			};
			buildConfigurationList = FE3209A62E6CE0B800A214CA /* Build configuration list for PBXProject "ReceiptSplit" */;
			developmentRegion = en;
			hasScannedForEncodings = 0;
			knownRegions = (
				en,
				Base,
			);
			mainGroup = FE3209A22E6CE0B800A214CA;
			minimizedProjectReferenceProxies = 1;
			packageReferences = (
				FE3209E22E6CE60B00A214CA /* XCRemoteSwiftPackageReference "MaterialUIKit" */,
				FED090A32E71D2F800CC3CC5 /* XCRemoteSwiftPackageReference "SwiftTabler" */,
				FE232C4C2E75E86B004BBBB6 /* XCRemoteSwiftPackageReference "PhoneNumberKit" */,
			);
			preferredProjectObjectVersion = 77;
			productRefGroup = FE3209AC2E6CE0B800A214CA /* Products */;
			projectDirPath = "";
			projectRoot = "";
			targets = (
				FE3209AA2E6CE0B800A214CA /* ReceiptSplit */,
				FE3209BB2E6CE0B900A214CA /* ReceiptSplitTests */,
				FE3209C52E6CE0B900A214CA /* ReceiptSplitUITests */,
			);
		};
/* End PBXProject section */

/* Begin PBXResourcesBuildPhase section */
		FE3209A92E6CE0B800A214CA /* Resources */ = {
			isa = PBXResourcesBuildPhase;
			buildActionMask = 2147483647;
			files = (
			);
			runOnlyForDeploymentPostprocessing = 0;
		};
		FE3209BA2E6CE0B900A214CA /* Resources */ = {
			isa = PBXResourcesBuildPhase;
			buildActionMask = 2147483647;
			files = (
			);
			runOnlyForDeploymentPostprocessing = 0;
		};
		FE3209C42E6CE0B900A214CA /* Resources */ = {
			isa = PBXResourcesBuildPhase;
			buildActionMask = 2147483647;
			files = (
			);
			runOnlyForDeploymentPostprocessing = 0;
		};
/* End PBXResourcesBuildPhase section */

/* Begin PBXSourcesBuildPhase section */
		FE3209A72E6CE0B800A214CA /* Sources */ = {
			isa = PBXSourcesBuildPhase;
			buildActionMask = 2147483647;
			files = (
			);
			runOnlyForDeploymentPostprocessing = 0;
		};
		FE3209B82E6CE0B900A214CA /* Sources */ = {
			isa = PBXSourcesBuildPhase;
			buildActionMask = 2147483647;
			files = (
			);
			runOnlyForDeploymentPostprocessing = 0;
		};
		FE3209C22E6CE0B900A214CA /* Sources */ = {
			isa = PBXSourcesBuildPhase;
			buildActionMask = 2147483647;
			files = (
			);
			runOnlyForDeploymentPostprocessing = 0;
		};
/* End PBXSourcesBuildPhase section */

/* Begin PBXTargetDependency section */
		FE3209BE2E6CE0B900A214CA /* PBXTargetDependency */ = {
			isa = PBXTargetDependency;
			target = FE3209AA2E6CE0B800A214CA /* ReceiptSplit */;
			targetProxy = FE3209BD2E6CE0B900A214CA /* PBXContainerItemProxy */;
		};
		FE3209C82E6CE0B900A214CA /* PBXTargetDependency */ = {
			isa = PBXTargetDependency;
			target = FE3209AA2E6CE0B800A214CA /* ReceiptSplit */;
			targetProxy = FE3209C72E6CE0B900A214CA /* PBXContainerItemProxy */;
		};
/* End PBXTargetDependency section */

/* Begin XCBuildConfiguration section */
		FE3209D02E6CE0B900A214CA /* Debug */ = {
			isa = XCBuildConfiguration;
			buildSettings = {
				ASSETCATALOG_COMPILER_APPICON_NAME = AppIcon;
				ASSETCATALOG_COMPILER_GLOBAL_ACCENT_COLOR_NAME = AccentColor;
				CODE_SIGN_ENTITLEMENTS = ReceiptSplit/ReceiptSplit.entitlements;
				CODE_SIGN_STYLE = Automatic;
				CURRENT_PROJECT_VERSION = 1;
				DEVELOPMENT_TEAM = PTS9BGHVQ9;
				ENABLE_PREVIEWS = YES;
				GENERATE_INFOPLIST_FILE = YES;
				INFOPLIST_FILE = ReceiptSplit/Info.plist;
				INFOPLIST_KEY_NSCameraUsageDescription = "The camera is needed to scan receipts";
				INFOPLIST_KEY_UIApplicationSceneManifest_Generation = YES;
				INFOPLIST_KEY_UIApplicationSupportsIndirectInputEvents = YES;
				INFOPLIST_KEY_UILaunchScreen_Generation = YES;
				INFOPLIST_KEY_UISupportedInterfaceOrientations = UIInterfaceOrientationPortrait;
				IPHONEOS_DEPLOYMENT_TARGET = 26.0;
				LD_RUNPATH_SEARCH_PATHS = (
					"$(inherited)",
					"@executable_path/Frameworks",
				);
				MARKETING_VERSION = 1.0;
				PRODUCT_BUNDLE_IDENTIFIER = com.addisonhanrattie.ReceiptSplit;
				PRODUCT_NAME = "$(TARGET_NAME)";
				SWIFT_EMIT_LOC_STRINGS = YES;
				SWIFT_VERSION = 5.0;
				TARGETED_DEVICE_FAMILY = "1,2";
			};
			name = Debug;
		};
		FE3209D12E6CE0B900A214CA /* Release */ = {
			isa = XCBuildConfiguration;
			buildSettings = {
				ASSETCATALOG_COMPILER_APPICON_NAME = AppIcon;
				ASSETCATALOG_COMPILER_GLOBAL_ACCENT_COLOR_NAME = AccentColor;
				CODE_SIGN_ENTITLEMENTS = ReceiptSplit/ReceiptSplit.entitlements;
				CODE_SIGN_STYLE = Automatic;
				CURRENT_PROJECT_VERSION = 1;
				DEVELOPMENT_TEAM = PTS9BGHVQ9;
				ENABLE_PREVIEWS = YES;
				GENERATE_INFOPLIST_FILE = YES;
				INFOPLIST_FILE = ReceiptSplit/Info.plist;
				INFOPLIST_KEY_NSCameraUsageDescription = "The camera is needed to scan receipts";
				INFOPLIST_KEY_UIApplicationSceneManifest_Generation = YES;
				INFOPLIST_KEY_UIApplicationSupportsIndirectInputEvents = YES;
				INFOPLIST_KEY_UILaunchScreen_Generation = YES;
				INFOPLIST_KEY_UISupportedInterfaceOrientations = UIInterfaceOrientationPortrait;
				IPHONEOS_DEPLOYMENT_TARGET = 26.0;
				LD_RUNPATH_SEARCH_PATHS = (
					"$(inherited)",
					"@executable_path/Frameworks",
				);
				MARKETING_VERSION = 1.0;
				PRODUCT_BUNDLE_IDENTIFIER = com.addisonhanrattie.ReceiptSplit;
				PRODUCT_NAME = "$(TARGET_NAME)";
				SWIFT_EMIT_LOC_STRINGS = YES;
				SWIFT_VERSION = 5.0;
				TARGETED_DEVICE_FAMILY = "1,2";
			};
			name = Release;
		};
		FE3209D22E6CE0B900A214CA /* Debug */ = {
			isa = XCBuildConfiguration;
			buildSettings = {
				ALWAYS_SEARCH_USER_PATHS = NO;
				ASSETCATALOG_COMPILER_GENERATE_SWIFT_ASSET_SYMBOL_EXTENSIONS = YES;
				CLANG_ANALYZER_NONNULL = YES;
				CLANG_ANALYZER_NUMBER_OBJECT_CONVERSION = YES_AGGRESSIVE;
				CLANG_CXX_LANGUAGE_STANDARD = "gnu++20";
				CLANG_ENABLE_MODULES = YES;
				CLANG_ENABLE_OBJC_ARC = YES;
				CLANG_ENABLE_OBJC_WEAK = YES;
				CLANG_WARN_BLOCK_CAPTURE_AUTORELEASING = YES;
				CLANG_WARN_BOOL_CONVERSION = YES;
				CLANG_WARN_COMMA = YES;
				CLANG_WARN_CONSTANT_CONVERSION = YES;
				CLANG_WARN_DEPRECATED_OBJC_IMPLEMENTATIONS = YES;
				CLANG_WARN_DIRECT_OBJC_ISA_USAGE = YES_ERROR;
				CLANG_WARN_DOCUMENTATION_COMMENTS = YES;
				CLANG_WARN_EMPTY_BODY = YES;
				CLANG_WARN_ENUM_CONVERSION = YES;
				CLANG_WARN_INFINITE_RECURSION = YES;
				CLANG_WARN_INT_CONVERSION = YES;
				CLANG_WARN_NON_LITERAL_NULL_CONVERSION = YES;
				CLANG_WARN_OBJC_IMPLICIT_RETAIN_SELF = YES;
				CLANG_WARN_OBJC_LITERAL_CONVERSION = YES;
				CLANG_WARN_OBJC_ROOT_CLASS = YES_ERROR;
				CLANG_WARN_QUOTED_INCLUDE_IN_FRAMEWORK_HEADER = YES;
				CLANG_WARN_RANGE_LOOP_ANALYSIS = YES;
				CLANG_WARN_STRICT_PROTOTYPES = YES;
				CLANG_WARN_SUSPICIOUS_MOVE = YES;
				CLANG_WARN_UNGUARDED_AVAILABILITY = YES_AGGRESSIVE;
				CLANG_WARN_UNREACHABLE_CODE = YES;
				CLANG_WARN__DUPLICATE_METHOD_MATCH = YES;
				COPY_PHASE_STRIP = NO;
				DEBUG_INFORMATION_FORMAT = dwarf;
				DEVELOPMENT_TEAM = PTS9BGHVQ9;
				ENABLE_STRICT_OBJC_MSGSEND = YES;
				ENABLE_TESTABILITY = YES;
				ENABLE_USER_SCRIPT_SANDBOXING = YES;
				GCC_C_LANGUAGE_STANDARD = gnu17;
				GCC_DYNAMIC_NO_PIC = NO;
				GCC_NO_COMMON_BLOCKS = YES;
				GCC_OPTIMIZATION_LEVEL = 0;
				GCC_PREPROCESSOR_DEFINITIONS = (
					"DEBUG=1",
					"$(inherited)",
				);
				GCC_WARN_64_TO_32_BIT_CONVERSION = YES;
				GCC_WARN_ABOUT_RETURN_TYPE = YES_ERROR;
				GCC_WARN_UNDECLARED_SELECTOR = YES;
				GCC_WARN_UNINITIALIZED_AUTOS = YES_AGGRESSIVE;
				GCC_WARN_UNUSED_FUNCTION = YES;
				GCC_WARN_UNUSED_VARIABLE = YES;
				IPHONEOS_DEPLOYMENT_TARGET = 18.5;
				LOCALIZATION_PREFERS_STRING_CATALOGS = YES;
				MTL_ENABLE_DEBUG_INFO = INCLUDE_SOURCE;
				MTL_FAST_MATH = YES;
				ONLY_ACTIVE_ARCH = YES;
				SDKROOT = iphoneos;
				SWIFT_ACTIVE_COMPILATION_CONDITIONS = "DEBUG $(inherited)";
				SWIFT_OPTIMIZATION_LEVEL = "-Onone";
			};
			name = Debug;
		};
		FE3209D32E6CE0B900A214CA /* Release */ = {
			isa = XCBuildConfiguration;
			buildSettings = {
				ALWAYS_SEARCH_USER_PATHS = NO;
				ASSETCATALOG_COMPILER_GENERATE_SWIFT_ASSET_SYMBOL_EXTENSIONS = YES;
				CLANG_ANALYZER_NONNULL = YES;
				CLANG_ANALYZER_NUMBER_OBJECT_CONVERSION = YES_AGGRESSIVE;
				CLANG_CXX_LANGUAGE_STANDARD = "gnu++20";
				CLANG_ENABLE_MODULES = YES;
				CLANG_ENABLE_OBJC_ARC = YES;
				CLANG_ENABLE_OBJC_WEAK = YES;
				CLANG_WARN_BLOCK_CAPTURE_AUTORELEASING = YES;
				CLANG_WARN_BOOL_CONVERSION = YES;
				CLANG_WARN_COMMA = YES;
				CLANG_WARN_CONSTANT_CONVERSION = YES;
				CLANG_WARN_DEPRECATED_OBJC_IMPLEMENTATIONS = YES;
				CLANG_WARN_DIRECT_OBJC_ISA_USAGE = YES_ERROR;
				CLANG_WARN_DOCUMENTATION_COMMENTS = YES;
				CLANG_WARN_EMPTY_BODY = YES;
				CLANG_WARN_ENUM_CONVERSION = YES;
				CLANG_WARN_INFINITE_RECURSION = YES;
				CLANG_WARN_INT_CONVERSION = YES;
				CLANG_WARN_NON_LITERAL_NULL_CONVERSION = YES;
				CLANG_WARN_OBJC_IMPLICIT_RETAIN_SELF = YES;
				CLANG_WARN_OBJC_LITERAL_CONVERSION = YES;
				CLANG_WARN_OBJC_ROOT_CLASS = YES_ERROR;
				CLANG_WARN_QUOTED_INCLUDE_IN_FRAMEWORK_HEADER = YES;
				CLANG_WARN_RANGE_LOOP_ANALYSIS = YES;
				CLANG_WARN_STRICT_PROTOTYPES = YES;
				CLANG_WARN_SUSPICIOUS_MOVE = YES;
				CLANG_WARN_UNGUARDED_AVAILABILITY = YES_AGGRESSIVE;
				CLANG_WARN_UNREACHABLE_CODE = YES;
				CLANG_WARN__DUPLICATE_METHOD_MATCH = YES;
				COPY_PHASE_STRIP = NO;
				DEBUG_INFORMATION_FORMAT = "dwarf-with-dsym";
				DEVELOPMENT_TEAM = PTS9BGHVQ9;
				ENABLE_NS_ASSERTIONS = NO;
				ENABLE_STRICT_OBJC_MSGSEND = YES;
				ENABLE_USER_SCRIPT_SANDBOXING = YES;
				GCC_C_LANGUAGE_STANDARD = gnu17;
				GCC_NO_COMMON_BLOCKS = YES;
				GCC_WARN_64_TO_32_BIT_CONVERSION = YES;
				GCC_WARN_ABOUT_RETURN_TYPE = YES_ERROR;
				GCC_WARN_UNDECLARED_SELECTOR = YES;
				GCC_WARN_UNINITIALIZED_AUTOS = YES_AGGRESSIVE;
				GCC_WARN_UNUSED_FUNCTION = YES;
				GCC_WARN_UNUSED_VARIABLE = YES;
				IPHONEOS_DEPLOYMENT_TARGET = 18.5;
				LOCALIZATION_PREFERS_STRING_CATALOGS = YES;
				MTL_ENABLE_DEBUG_INFO = NO;
				MTL_FAST_MATH = YES;
				SDKROOT = iphoneos;
				SWIFT_COMPILATION_MODE = wholemodule;
				VALIDATE_PRODUCT = YES;
			};
			name = Release;
		};
		FE3209D52E6CE0B900A214CA /* Debug */ = {
			isa = XCBuildConfiguration;
			buildSettings = {
				BUNDLE_LOADER = "$(TEST_HOST)";
				CODE_SIGN_STYLE = Automatic;
				CURRENT_PROJECT_VERSION = 1;
				DEVELOPMENT_TEAM = PTS9BGHVQ9;
				GENERATE_INFOPLIST_FILE = YES;
				IPHONEOS_DEPLOYMENT_TARGET = 18.5;
				MARKETING_VERSION = 1.0;
				PRODUCT_BUNDLE_IDENTIFIER = com.addisonhanrattie.ReceiptSplitTests;
				PRODUCT_NAME = "$(TARGET_NAME)";
				SWIFT_EMIT_LOC_STRINGS = NO;
				SWIFT_VERSION = 5.0;
				TARGETED_DEVICE_FAMILY = "1,2";
				TEST_HOST = "$(BUILT_PRODUCTS_DIR)/ReceiptSplit.app/$(BUNDLE_EXECUTABLE_FOLDER_PATH)/ReceiptSplit";
			};
			name = Debug;
		};
		FE3209D62E6CE0B900A214CA /* Release */ = {
			isa = XCBuildConfiguration;
			buildSettings = {
				BUNDLE_LOADER = "$(TEST_HOST)";
				CODE_SIGN_STYLE = Automatic;
				CURRENT_PROJECT_VERSION = 1;
				DEVELOPMENT_TEAM = PTS9BGHVQ9;
				GENERATE_INFOPLIST_FILE = YES;
				IPHONEOS_DEPLOYMENT_TARGET = 18.5;
				MARKETING_VERSION = 1.0;
				PRODUCT_BUNDLE_IDENTIFIER = com.addisonhanrattie.ReceiptSplitTests;
				PRODUCT_NAME = "$(TARGET_NAME)";
				SWIFT_EMIT_LOC_STRINGS = NO;
				SWIFT_VERSION = 5.0;
				TARGETED_DEVICE_FAMILY = "1,2";
				TEST_HOST = "$(BUILT_PRODUCTS_DIR)/ReceiptSplit.app/$(BUNDLE_EXECUTABLE_FOLDER_PATH)/ReceiptSplit";
			};
			name = Release;
		};
		FE3209D82E6CE0B900A214CA /* Debug */ = {
			isa = XCBuildConfiguration;
			buildSettings = {
				CODE_SIGN_STYLE = Automatic;
				CURRENT_PROJECT_VERSION = 1;
				DEVELOPMENT_TEAM = PTS9BGHVQ9;
				GENERATE_INFOPLIST_FILE = YES;
				MARKETING_VERSION = 1.0;
				PRODUCT_BUNDLE_IDENTIFIER = com.addisonhanrattie.ReceiptSplitUITests;
				PRODUCT_NAME = "$(TARGET_NAME)";
				SWIFT_EMIT_LOC_STRINGS = NO;
				SWIFT_VERSION = 5.0;
				TARGETED_DEVICE_FAMILY = "1,2";
				TEST_TARGET_NAME = ReceiptSplit;
			};
			name = Debug;
		};
		FE3209D92E6CE0B900A214CA /* Release */ = {
			isa = XCBuildConfiguration;
			buildSettings = {
				CODE_SIGN_STYLE = Automatic;
				CURRENT_PROJECT_VERSION = 1;
				DEVELOPMENT_TEAM = PTS9BGHVQ9;
				GENERATE_INFOPLIST_FILE = YES;
				MARKETING_VERSION = 1.0;
				PRODUCT_BUNDLE_IDENTIFIER = com.addisonhanrattie.ReceiptSplitUITests;
				PRODUCT_NAME = "$(TARGET_NAME)";
				SWIFT_EMIT_LOC_STRINGS = NO;
				SWIFT_VERSION = 5.0;
				TARGETED_DEVICE_FAMILY = "1,2";
				TEST_TARGET_NAME = ReceiptSplit;
			};
			name = Release;
		};
/* End XCBuildConfiguration section */

/* Begin XCConfigurationList section */
		FE3209A62E6CE0B800A214CA /* Build configuration list for PBXProject "ReceiptSplit" */ = {
			isa = XCConfigurationList;
			buildConfigurations = (
				FE3209D22E6CE0B900A214CA /* Debug */,
				FE3209D32E6CE0B900A214CA /* Release */,
			);
			defaultConfigurationIsVisible = 0;
			defaultConfigurationName = Release;
		};
		FE3209CF2E6CE0B900A214CA /* Build configuration list for PBXNativeTarget "ReceiptSplit" */ = {
			isa = XCConfigurationList;
			buildConfigurations = (
				FE3209D02E6CE0B900A214CA /* Debug */,
				FE3209D12E6CE0B900A214CA /* Release */,
			);
			defaultConfigurationIsVisible = 0;
			defaultConfigurationName = Release;
		};
		FE3209D42E6CE0B900A214CA /* Build configuration list for PBXNativeTarget "ReceiptSplitTests" */ = {
			isa = XCConfigurationList;
			buildConfigurations = (
				FE3209D52E6CE0B900A214CA /* Debug */,
				FE3209D62E6CE0B900A214CA /* Release */,
			);
			defaultConfigurationIsVisible = 0;
			defaultConfigurationName = Release;
		};
		FE3209D72E6CE0B900A214CA /* Build configuration list for PBXNativeTarget "ReceiptSplitUITests" */ = {
			isa = XCConfigurationList;
			buildConfigurations = (
				FE3209D82E6CE0B900A214CA /* Debug */,
				FE3209D92E6CE0B900A214CA /* Release */,
			);
			defaultConfigurationIsVisible = 0;
			defaultConfigurationName = Release;
		};
/* End XCConfigurationList section */

/* Begin XCRemoteSwiftPackageReference section */
		FE232C4C2E75E86B004BBBB6 /* XCRemoteSwiftPackageReference "PhoneNumberKit" */ = {
			isa = XCRemoteSwiftPackageReference;
			repositoryURL = "https://github.com/marmelroy/PhoneNumberKit.git";
			requirement = {
				kind = upToNextMajorVersion;
				minimumVersion = 4.1.4;
			};
		};
		FE3209E22E6CE60B00A214CA /* XCRemoteSwiftPackageReference "MaterialUIKit" */ = {
			isa = XCRemoteSwiftPackageReference;
			repositoryURL = "https://github.com/aumChauhan/MaterialUIKit.git";
			requirement = {
				kind = upToNextMajorVersion;
				minimumVersion = 2.0.0;
			};
		};
		FED090A32E71D2F800CC3CC5 /* XCRemoteSwiftPackageReference "SwiftTabler" */ = {
			isa = XCRemoteSwiftPackageReference;
			repositoryURL = "https://github.com/supersimple33/SwiftTabler";
			requirement = {
				branch = swiftDataSupport;
				kind = branch;
			};
		};
/* End XCRemoteSwiftPackageReference section */

/* Begin XCSwiftPackageProductDependency section */
		FE232C4D2E75E86B004BBBB6 /* PhoneNumberKit */ = {
			isa = XCSwiftPackageProductDependency;
			package = FE232C4C2E75E86B004BBBB6 /* XCRemoteSwiftPackageReference "PhoneNumberKit" */;
			productName = PhoneNumberKit;
		};
		FE3209E32E6CE60B00A214CA /* MaterialUIKit */ = {
			isa = XCSwiftPackageProductDependency;
			package = FE3209E22E6CE60B00A214CA /* XCRemoteSwiftPackageReference "MaterialUIKit" */;
			productName = MaterialUIKit;
		};
		FED090A42E71D2F800CC3CC5 /* Tabler */ = {
			isa = XCSwiftPackageProductDependency;
			package = FED090A32E71D2F800CC3CC5 /* XCRemoteSwiftPackageReference "SwiftTabler" */;
			productName = Tabler;
		};
/* End XCSwiftPackageProductDependency section */
	};
	rootObject = FE3209A32E6CE0B800A214CA /* Project object */;
}
