{
  "originHash" : "09836b0bdc36b6eda36c50c780046a1f13219c178767aec1484a4e310111e44c",
  "pins" : [
    {
      "identity" : "materialuikit",
      "kind" : "remoteSourceControl",
      "location" : "https://github.com/aumChauhan/MaterialUIKit.git",
      "state" : {
        "revision" : "2f49b551d9a416d28f9432db3ca9274a54df8a63",
        "version" : "2.0.0"
      }
    },
    {
      "identity" : "phonenumberkit",
      "kind" : "remoteSourceControl",
      "location" : "https://github.com/marmelroy/PhoneNumberKit.git",
      "state" : {
        "revision" : "8cba2258060e356d5fc4836d4ff8549faa2409dd",
        "version" : "4.1.4"
      }
    },
    {
      "identity" : "swifttabler",
      "kind" : "remoteSourceControl",
      "location" : "https://github.com/supersimple33/SwiftTabler",
      "state" : {
        "branch" : "swiftDataSupport",
        "revision" : "12a73c09369f0574500d06f7f7501eace321064c"
      }
    }
  ],
  "version" : 3
}
