{
  "originHash" : "a520fdb3a47a120950bbced998719144e544464f9d7d922668c0feb7a99ea4d9",
  "pins" : [
    {
      "identity" : "materialuikit",
      "kind" : "remoteSourceControl",
      "location" : "https://github.com/aumChauhan/MaterialUIKit.git",
      "state" : {
        "revision" : "2f49b551d9a416d28f9432db3ca9274a54df8a63",
        "version" : "2.0.0"
      }
    },
    {
      "identity" : "phonenumberkit",
      "kind" : "remoteSourceControl",
      "location" : "https://github.com/marmelroy/PhoneNumberKit.git",
      "state" : {
        "revision" : "8cba2258060e356d5fc4836d4ff8549faa2409dd",
        "version" : "4.1.4"
      }
    }
  ],
  "version" : 3
}
