{
  "originHash" : "2653d3c0b6a9b28bc8d81256d97b49e5392f5bd335502c2ecabc6ec0cc47700e",
  "pins" : [
    {
      "identity" : "materialuikit",
      "kind" : "remoteSourceControl",
      "location" : "https://github.com/aumChauhan/MaterialUIKit.git",
      "state" : {
        "revision" : "2f49b551d9a416d28f9432db3ca9274a54df8a63",
        "version" : "2.0.0"
      }
    },
    {
      "identity" : "phonenumberkit",
      "kind" : "remoteSourceControl",
      "location" : "https://github.com/marmelroy/PhoneNumberKit.git",
      "state" : {
        "revision" : "8cba2258060e356d5fc4836d4ff8549faa2409dd",
        "version" : "4.1.4"
      }
    },
    {
      "identity" : "swifttabler",
      "kind" : "remoteSourceControl",
      "location" : "https://github.com/openalloc/SwiftTabler.git",
      "state" : {
        "revision" : "863e1be58e49a68ae84184e471f400ff4d760bda",
        "version" : "0.9.7"
      }
    }
  ],
  "version" : 3
}
