{
  "originHash" : "96fff4c359e47d85b596734049cb1b540ab46e79aa8f4655897a63d818bbd54b",
  "pins" : [
    {
      "identity" : "camera",
      "kind" : "remoteSourceControl",
      "location" : "https://github.com/veraposeidon/Camera.git",
      "state" : {
        "branch" : "fix/sendable-protocol",
        "revision" : "1ba0a2ed7314ee03b79c86c9fcba02af8d0b04a1"
      }
    },
    {
      "identity" : "materialuikit",
      "kind" : "remoteSourceControl",
      "location" : "https://github.com/aumChauhan/MaterialUIKit.git",
      "state" : {
        "revision" : "2f49b551d9a416d28f9432db3ca9274a54df8a63",
        "version" : "2.0.0"
      }
    },
    {
      "identity" : "phonenumberkit",
      "kind" : "remoteSourceControl",
      "location" : "https://github.com/marmelroy/PhoneNumberKit.git",
      "state" : {
        "revision" : "8cba2258060e356d5fc4836d4ff8549faa2409dd",
        "version" : "4.1.4"
      }
    },
    {
      "identity" : "swifttabler",
      "kind" : "remoteSourceControl",
      "location" : "https://github.com/supersimple33/SwiftTabler",
      "state" : {
        "branch" : "swiftDataSupport",
        "revision" : "12a73c09369f0574500d06f7f7501eace321064c"
      }
    },
    {
      "identity" : "timer",
      "kind" : "remoteSourceControl",
      "location" : "https://github.com/Mijick/Timer",
      "state" : {
        "revision" : "342371c33c3f084d82a4818447ba77d858064c85",
        "version" : "2.0.0"
      }
    }
  ],
  "version" : 3
}
